// !$*UTF8*$!
{
	archiveVersion = 1;
	classes = {
	};
	objectVersion = 46;
	objects = {

/* Begin PBXBuildFile section */
		3639D1BD1ECC59F000C56F64 /* FastCSVParser.m in Sources */ = {isa = PBXBuildFile; fileRef = 3639D1BC1ECC59F000C56F64 /* FastCSVParser.m */; };
		8312E24E1E3F5AEB00435F89 /* Heuristic Test Documents in Resources */ = {isa = PBXBuildFile; fileRef = 8312E24C1E3F5AEB00435F89 /* Heuristic Test Documents */; };
		8312E24F1E3F5AEB00435F89 /* Reading Test Documents in Resources */ = {isa = PBXBuildFile; fileRef = 8312E24D1E3F5AEB00435F89 /* Reading Test Documents */; };
		834FDA621E532D8100CC4A91 /* ByteIterators.swift in Sources */ = {isa = PBXBuildFile; fileRef = 834FDA5D1E532D8100CC4A91 /* ByteIterators.swift */; };
		834FDA631E532D8100CC4A91 /* CodepointIterators.swift in Sources */ = {isa = PBXBuildFile; fileRef = 834FDA5E1E532D8100CC4A91 /* CodepointIterators.swift */; };
		834FDA641E532D8100CC4A91 /* CSVDocument.swift in Sources */ = {isa = PBXBuildFile; fileRef = 834FDA5F1E532D8100CC4A91 /* CSVDocument.swift */; };
		834FDA651E532D8100CC4A91 /* DataTypes.swift in Sources */ = {isa = PBXBuildFile; fileRef = 834FDA601E532D8100CC4A91 /* DataTypes.swift */; };
		834FDA661E532D8100CC4A91 /* TokenIterators.swift in Sources */ = {isa = PBXBuildFile; fileRef = 834FDA611E532D8100CC4A91 /* TokenIterators.swift */; };
		834FDA681E532E7C00CC4A91 /* MainViewController.swift in Sources */ = {isa = PBXBuildFile; fileRef = 834FDA671E532E7C00CC4A91 /* MainViewController.swift */; };
		834FDA6A1E53307700CC4A91 /* ImportController.swift in Sources */ = {isa = PBXBuildFile; fileRef = 834FDA691E53307700CC4A91 /* ImportController.swift */; };
		834FDA6C1E5330F400CC4A91 /* ImportWindow.xib in Resources */ = {isa = PBXBuildFile; fileRef = 834FDA6B1E5330F400CC4A91 /* ImportWindow.xib */; };
		835954241E49D85000D1F0DF /* Parsers.swift in Sources */ = {isa = PBXBuildFile; fileRef = 835954231E49D85000D1F0DF /* Parsers.swift */; };
		83B295671E5C81A40001B0C6 /* ProgressWindowController.swift in Sources */ = {isa = PBXBuildFile; fileRef = 83B295661E5C81A40001B0C6 /* ProgressWindowController.swift */; };
		83B295691E5C81BA0001B0C6 /* ProgressWindow.xib in Resources */ = {isa = PBXBuildFile; fileRef = 83B295681E5C81BA0001B0C6 /* ProgressWindow.xib */; };
		83E5869B1E2D35B20058879B /* AppDelegate.swift in Sources */ = {isa = PBXBuildFile; fileRef = 83E5869A1E2D35B20058879B /* AppDelegate.swift */; };
		83E5869F1E2D35B20058879B /* Assets.xcassets in Resources */ = {isa = PBXBuildFile; fileRef = 83E5869E1E2D35B20058879B /* Assets.xcassets */; };
		83E586A21E2D35B20058879B /* Main.storyboard in Resources */ = {isa = PBXBuildFile; fileRef = 83E586A01E2D35B20058879B /* Main.storyboard */; };
		83E586AD1E2D35B20058879B /* CSVParser_Test_AppTests.swift in Sources */ = {isa = PBXBuildFile; fileRef = 83E586AC1E2D35B20058879B /* CSVParser_Test_AppTests.swift */; };
		CD199A8E1E5CAE0300E49B3D /* Latin1CodepointIterator.swift in Sources */ = {isa = PBXBuildFile; fileRef = CD199A8D1E5CAE0300E49B3D /* Latin1CodepointIterator.swift */; };
/* End PBXBuildFile section */

/* Begin PBXContainerItemProxy section */
		83E586A91E2D35B20058879B /* PBXContainerItemProxy */ = {
			isa = PBXContainerItemProxy;
			containerPortal = 83E5868F1E2D35B20058879B /* Project object */;
			proxyType = 1;
			remoteGlobalIDString = 83E586961E2D35B20058879B;
			remoteInfo = "CSVParser Test App";
		};
/* End PBXContainerItemProxy section */

/* Begin PBXFileReference section */
		3639D1BA1ECC59F000C56F64 /* CSVParser Test App-Bridging-Header.h */ = {isa = PBXFileReference; lastKnownFileType = sourcecode.c.h; path = "CSVParser Test App-Bridging-Header.h"; sourceTree = "<group>"; };
		3639D1BB1ECC59F000C56F64 /* FastCSVParser.h */ = {isa = PBXFileReference; fileEncoding = 4; lastKnownFileType = sourcecode.c.h; path = FastCSVParser.h; sourceTree = "<group>"; };
		3639D1BC1ECC59F000C56F64 /* FastCSVParser.m */ = {isa = PBXFileReference; fileEncoding = 4; lastKnownFileType = sourcecode.c.objc; path = FastCSVParser.m; sourceTree = "<group>"; };
		8312E24C1E3F5AEB00435F89 /* Heuristic Test Documents */ = {isa = PBXFileReference; lastKnownFileType = folder; path = "Heuristic Test Documents"; sourceTree = "<group>"; };
		8312E24D1E3F5AEB00435F89 /* Reading Test Documents */ = {isa = PBXFileReference; lastKnownFileType = folder; path = "Reading Test Documents"; sourceTree = "<group>"; };
		834FDA5D1E532D8100CC4A91 /* ByteIterators.swift */ = {isa = PBXFileReference; fileEncoding = 4; lastKnownFileType = sourcecode.swift; path = ByteIterators.swift; sourceTree = "<group>"; };
		834FDA5E1E532D8100CC4A91 /* CodepointIterators.swift */ = {isa = PBXFileReference; fileEncoding = 4; lastKnownFileType = sourcecode.swift; path = CodepointIterators.swift; sourceTree = "<group>"; };
		834FDA5F1E532D8100CC4A91 /* CSVDocument.swift */ = {isa = PBXFileReference; fileEncoding = 4; lastKnownFileType = sourcecode.swift; path = CSVDocument.swift; sourceTree = "<group>"; };
		834FDA601E532D8100CC4A91 /* DataTypes.swift */ = {isa = PBXFileReference; fileEncoding = 4; lastKnownFileType = sourcecode.swift; path = DataTypes.swift; sourceTree = "<group>"; };
		834FDA611E532D8100CC4A91 /* TokenIterators.swift */ = {isa = PBXFileReference; fileEncoding = 4; lastKnownFileType = sourcecode.swift; path = TokenIterators.swift; sourceTree = "<group>"; };
		834FDA671E532E7C00CC4A91 /* MainViewController.swift */ = {isa = PBXFileReference; fileEncoding = 4; lastKnownFileType = sourcecode.swift; path = MainViewController.swift; sourceTree = "<group>"; };
		834FDA691E53307700CC4A91 /* ImportController.swift */ = {isa = PBXFileReference; fileEncoding = 4; lastKnownFileType = sourcecode.swift; path = ImportController.swift; sourceTree = "<group>"; };
		834FDA6B1E5330F400CC4A91 /* ImportWindow.xib */ = {isa = PBXFileReference; fileEncoding = 4; lastKnownFileType = file.xib; path = ImportWindow.xib; sourceTree = "<group>"; };
		835954231E49D85000D1F0DF /* Parsers.swift */ = {isa = PBXFileReference; fileEncoding = 4; lastKnownFileType = sourcecode.swift; path = Parsers.swift; sourceTree = "<group>"; };
		83B295661E5C81A40001B0C6 /* ProgressWindowController.swift */ = {isa = PBXFileReference; fileEncoding = 4; lastKnownFileType = sourcecode.swift; path = ProgressWindowController.swift; sourceTree = "<group>"; };
		83B295681E5C81BA0001B0C6 /* ProgressWindow.xib */ = {isa = PBXFileReference; fileEncoding = 4; lastKnownFileType = file.xib; path = ProgressWindow.xib; sourceTree = "<group>"; };
		83E586971E2D35B20058879B /* CSVParser Test App.app */ = {isa = PBXFileReference; explicitFileType = wrapper.application; includeInIndex = 0; path = "CSVParser Test App.app"; sourceTree = BUILT_PRODUCTS_DIR; };
		83E5869A1E2D35B20058879B /* AppDelegate.swift */ = {isa = PBXFileReference; lastKnownFileType = sourcecode.swift; path = AppDelegate.swift; sourceTree = "<group>"; };
		83E5869E1E2D35B20058879B /* Assets.xcassets */ = {isa = PBXFileReference; lastKnownFileType = folder.assetcatalog; path = Assets.xcassets; sourceTree = "<group>"; };
		83E586A11E2D35B20058879B /* Base */ = {isa = PBXFileReference; lastKnownFileType = file.storyboard; name = Base; path = Base.lproj/Main.storyboard; sourceTree = "<group>"; };
		83E586A31E2D35B20058879B /* Info.plist */ = {isa = PBXFileReference; lastKnownFileType = text.plist.xml; path = Info.plist; sourceTree = "<group>"; };
		83E586A81E2D35B20058879B /* CSVParser Test AppTests.xctest */ = {isa = PBXFileReference; explicitFileType = wrapper.cfbundle; includeInIndex = 0; path = "CSVParser Test AppTests.xctest"; sourceTree = BUILT_PRODUCTS_DIR; };
		83E586AC1E2D35B20058879B /* CSVParser_Test_AppTests.swift */ = {isa = PBXFileReference; lastKnownFileType = sourcecode.swift; path = CSVParser_Test_AppTests.swift; sourceTree = "<group>"; };
		83E586AE1E2D35B20058879B /* Info.plist */ = {isa = PBXFileReference; lastKnownFileType = text.plist.xml; path = Info.plist; sourceTree = "<group>"; };
		CD199A8D1E5CAE0300E49B3D /* Latin1CodepointIterator.swift */ = {isa = PBXFileReference; fileEncoding = 4; lastKnownFileType = sourcecode.swift; path = Latin1CodepointIterator.swift; sourceTree = "<group>"; };
/* End PBXFileReference section */

/* Begin PBXFrameworksBuildPhase section */
		83E586941E2D35B20058879B /* Frameworks */ = {
			isa = PBXFrameworksBuildPhase;
			buildActionMask = 2147483647;
			files = (
			);
			runOnlyForDeploymentPostprocessing = 0;
		};
		83E586A51E2D35B20058879B /* Frameworks */ = {
			isa = PBXFrameworksBuildPhase;
			buildActionMask = 2147483647;
			files = (
			);
			runOnlyForDeploymentPostprocessing = 0;
		};
/* End PBXFrameworksBuildPhase section */

/* Begin PBXGroup section */
		834FDA5C1E532D8100CC4A91 /* CSVParser */ = {
			isa = PBXGroup;
			children = (
				834FDA601E532D8100CC4A91 /* DataTypes.swift */,
				834FDA5F1E532D8100CC4A91 /* CSVDocument.swift */,
				835954231E49D85000D1F0DF /* Parsers.swift */,
				834FDA611E532D8100CC4A91 /* TokenIterators.swift */,
				834FDA5E1E532D8100CC4A91 /* CodepointIterators.swift */,
				CD199A8D1E5CAE0300E49B3D /* Latin1CodepointIterator.swift */,
				834FDA5D1E532D8100CC4A91 /* ByteIterators.swift */,
				3639D1BB1ECC59F000C56F64 /* FastCSVParser.h */,
				3639D1BC1ECC59F000C56F64 /* FastCSVParser.m */,
				3639D1BA1ECC59F000C56F64 /* CSVParser Test App-Bridging-Header.h */,
			);
			path = CSVParser;
			sourceTree = "<group>";
		};
		83E5868E1E2D35B20058879B = {
			isa = PBXGroup;
			children = (
				83E586991E2D35B20058879B /* CSVParser Test App */,
				83E586AB1E2D35B20058879B /* CSVParser Test AppTests */,
				83E586981E2D35B20058879B /* Products */,
			);
			sourceTree = "<group>";
		};
		83E586981E2D35B20058879B /* Products */ = {
			isa = PBXGroup;
			children = (
				83E586971E2D35B20058879B /* CSVParser Test App.app */,
				83E586A81E2D35B20058879B /* CSVParser Test AppTests.xctest */,
			);
			name = Products;
			sourceTree = "<group>";
		};
		83E586991E2D35B20058879B /* CSVParser Test App */ = {
			isa = PBXGroup;
			children = (
				83E5869A1E2D35B20058879B /* AppDelegate.swift */,
				834FDA671E532E7C00CC4A91 /* MainViewController.swift */,
				834FDA691E53307700CC4A91 /* ImportController.swift */,
				834FDA6B1E5330F400CC4A91 /* ImportWindow.xib */,
				83B295661E5C81A40001B0C6 /* ProgressWindowController.swift */,
				83B295681E5C81BA0001B0C6 /* ProgressWindow.xib */,
				834FDA5C1E532D8100CC4A91 /* CSVParser */,
				83E5869E1E2D35B20058879B /* Assets.xcassets */,
				83E586A01E2D35B20058879B /* Main.storyboard */,
				83E586A31E2D35B20058879B /* Info.plist */,
			);
			path = "CSVParser Test App";
			sourceTree = "<group>";
		};
		83E586AB1E2D35B20058879B /* CSVParser Test AppTests */ = {
			isa = PBXGroup;
			children = (
				83E586AC1E2D35B20058879B /* CSVParser_Test_AppTests.swift */,
				83E586AE1E2D35B20058879B /* Info.plist */,
				8312E24C1E3F5AEB00435F89 /* Heuristic Test Documents */,
				8312E24D1E3F5AEB00435F89 /* Reading Test Documents */,
			);
			path = "CSVParser Test AppTests";
			sourceTree = "<group>";
		};
/* End PBXGroup section */

/* Begin PBXNativeTarget section */
		83E586961E2D35B20058879B /* CSVParser Test App */ = {
			isa = PBXNativeTarget;
			buildConfigurationList = 83E586B11E2D35B20058879B /* Build configuration list for PBXNativeTarget "CSVParser Test App" */;
			buildPhases = (
				83E586931E2D35B20058879B /* Sources */,
				83E586941E2D35B20058879B /* Frameworks */,
				83E586951E2D35B20058879B /* Resources */,
			);
			buildRules = (
			);
			dependencies = (
			);
			name = "CSVParser Test App";
			productName = "CSVParser Test App";
			productReference = 83E586971E2D35B20058879B /* CSVParser Test App.app */;
			productType = "com.apple.product-type.application";
		};
		83E586A71E2D35B20058879B /* CSVParser Test AppTests */ = {
			isa = PBXNativeTarget;
			buildConfigurationList = 83E586B41E2D35B20058879B /* Build configuration list for PBXNativeTarget "CSVParser Test AppTests" */;
			buildPhases = (
				83E586A41E2D35B20058879B /* Sources */,
				83E586A51E2D35B20058879B /* Frameworks */,
				83E586A61E2D35B20058879B /* Resources */,
			);
			buildRules = (
			);
			dependencies = (
				83E586AA1E2D35B20058879B /* PBXTargetDependency */,
			);
			name = "CSVParser Test AppTests";
			productName = "CSVParser Test AppTests";
			productReference = 83E586A81E2D35B20058879B /* CSVParser Test AppTests.xctest */;
			productType = "com.apple.product-type.bundle.unit-test";
		};
/* End PBXNativeTarget section */

/* Begin PBXProject section */
		83E5868F1E2D35B20058879B /* Project object */ = {
			isa = PBXProject;
			attributes = {
				LastSwiftUpdateCheck = 0820;
				LastUpgradeCheck = 0820;
				ORGANIZATIONNAME = "Egger Apps";
				TargetAttributes = {
					83E586961E2D35B20058879B = {
						CreatedOnToolsVersion = 8.2.1;
						LastSwiftMigration = 0830;
						ProvisioningStyle = Automatic;
					};
					83E586A71E2D35B20058879B = {
						CreatedOnToolsVersion = 8.2.1;
						ProvisioningStyle = Automatic;
						TestTargetID = 83E586961E2D35B20058879B;
					};
				};
			};
			buildConfigurationList = 83E586921E2D35B20058879B /* Build configuration list for PBXProject "CSVParser Test App" */;
			compatibilityVersion = "Xcode 3.2";
			developmentRegion = English;
			hasScannedForEncodings = 0;
			knownRegions = (
				en,
				Base,
			);
			mainGroup = 83E5868E1E2D35B20058879B;
			productRefGroup = 83E586981E2D35B20058879B /* Products */;
			projectDirPath = "";
			projectRoot = "";
			targets = (
				83E586961E2D35B20058879B /* CSVParser Test App */,
				83E586A71E2D35B20058879B /* CSVParser Test AppTests */,
			);
		};
/* End PBXProject section */

/* Begin PBXResourcesBuildPhase section */
		83E586951E2D35B20058879B /* Resources */ = {
			isa = PBXResourcesBuildPhase;
			buildActionMask = 2147483647;
			files = (
				83B295691E5C81BA0001B0C6 /* ProgressWindow.xib in Resources */,
				834FDA6C1E5330F400CC4A91 /* ImportWindow.xib in Resources */,
				83E5869F1E2D35B20058879B /* Assets.xcassets in Resources */,
				83E586A21E2D35B20058879B /* Main.storyboard in Resources */,
			);
			runOnlyForDeploymentPostprocessing = 0;
		};
		83E586A61E2D35B20058879B /* Resources */ = {
			isa = PBXResourcesBuildPhase;
			buildActionMask = 2147483647;
			files = (
				8312E24F1E3F5AEB00435F89 /* Reading Test Documents in Resources */,
				8312E24E1E3F5AEB00435F89 /* Heuristic Test Documents in Resources */,
			);
			runOnlyForDeploymentPostprocessing = 0;
		};
/* End PBXResourcesBuildPhase section */

/* Begin PBXSourcesBuildPhase section */
		83E586931E2D35B20058879B /* Sources */ = {
			isa = PBXSourcesBuildPhase;
			buildActionMask = 2147483647;
			files = (
				83B295671E5C81A40001B0C6 /* ProgressWindowController.swift in Sources */,
				3639D1BD1ECC59F000C56F64 /* FastCSVParser.m in Sources */,
				834FDA661E532D8100CC4A91 /* TokenIterators.swift in Sources */,
				834FDA621E532D8100CC4A91 /* ByteIterators.swift in Sources */,
				834FDA6A1E53307700CC4A91 /* ImportController.swift in Sources */,
				834FDA641E532D8100CC4A91 /* CSVDocument.swift in Sources */,
				83E5869B1E2D35B20058879B /* AppDelegate.swift in Sources */,
				834FDA631E532D8100CC4A91 /* CodepointIterators.swift in Sources */,
				834FDA651E532D8100CC4A91 /* DataTypes.swift in Sources */,
				835954241E49D85000D1F0DF /* Parsers.swift in Sources */,
				CD199A8E1E5CAE0300E49B3D /* Latin1CodepointIterator.swift in Sources */,
				834FDA681E532E7C00CC4A91 /* MainViewController.swift in Sources */,
			);
			runOnlyForDeploymentPostprocessing = 0;
		};
		83E586A41E2D35B20058879B /* Sources */ = {
			isa = PBXSourcesBuildPhase;
			buildActionMask = 2147483647;
			files = (
				83E586AD1E2D35B20058879B /* CSVParser_Test_AppTests.swift in Sources */,
			);
			runOnlyForDeploymentPostprocessing = 0;
		};
/* End PBXSourcesBuildPhase section */

/* Begin PBXTargetDependency section */
		83E586AA1E2D35B20058879B /* PBXTargetDependency */ = {
			isa = PBXTargetDependency;
			target = 83E586961E2D35B20058879B /* CSVParser Test App */;
			targetProxy = 83E586A91E2D35B20058879B /* PBXContainerItemProxy */;
		};
/* End PBXTargetDependency section */

/* Begin PBXVariantGroup section */
		83E586A01E2D35B20058879B /* Main.storyboard */ = {
			isa = PBXVariantGroup;
			children = (
				83E586A11E2D35B20058879B /* Base */,
			);
			name = Main.storyboard;
			sourceTree = "<group>";
		};
/* End PBXVariantGroup section */

/* Begin XCBuildConfiguration section */
		83E586AF1E2D35B20058879B /* Debug */ = {
			isa = XCBuildConfiguration;
			buildSettings = {
				ALWAYS_SEARCH_USER_PATHS = NO;
				CLANG_ANALYZER_NONNULL = YES;
				CLANG_CXX_LANGUAGE_STANDARD = "gnu++0x";
				CLANG_CXX_LIBRARY = "libc++";
				CLANG_ENABLE_MODULES = YES;
				CLANG_ENABLE_OBJC_ARC = YES;
				CLANG_WARN_BOOL_CONVERSION = YES;
				CLANG_WARN_CONSTANT_CONVERSION = YES;
				CLANG_WARN_DIRECT_OBJC_ISA_USAGE = YES_ERROR;
				CLANG_WARN_DOCUMENTATION_COMMENTS = YES;
				CLANG_WARN_EMPTY_BODY = YES;
				CLANG_WARN_ENUM_CONVERSION = YES;
				CLANG_WARN_INFINITE_RECURSION = YES;
				CLANG_WARN_INT_CONVERSION = YES;
				CLANG_WARN_OBJC_ROOT_CLASS = YES_ERROR;
				CLANG_WARN_SUSPICIOUS_MOVE = YES;
				CLANG_WARN_UNREACHABLE_CODE = YES;
				CLANG_WARN__DUPLICATE_METHOD_MATCH = YES;
				CODE_SIGN_IDENTITY = "-";
				COPY_PHASE_STRIP = NO;
				DEBUG_INFORMATION_FORMAT = dwarf;
				ENABLE_STRICT_OBJC_MSGSEND = YES;
				ENABLE_TESTABILITY = YES;
				GCC_C_LANGUAGE_STANDARD = gnu99;
				GCC_DYNAMIC_NO_PIC = NO;
				GCC_NO_COMMON_BLOCKS = YES;
				GCC_OPTIMIZATION_LEVEL = 0;
				GCC_PREPROCESSOR_DEFINITIONS = (
					"DEBUG=1",
					"$(inherited)",
				);
				GCC_WARN_64_TO_32_BIT_CONVERSION = YES;
				GCC_WARN_ABOUT_RETURN_TYPE = YES_ERROR;
				GCC_WARN_UNDECLARED_SELECTOR = YES;
				GCC_WARN_UNINITIALIZED_AUTOS = YES_AGGRESSIVE;
				GCC_WARN_UNUSED_FUNCTION = YES;
				GCC_WARN_UNUSED_VARIABLE = YES;
				MACOSX_DEPLOYMENT_TARGET = 10.12;
				MTL_ENABLE_DEBUG_INFO = YES;
				ONLY_ACTIVE_ARCH = YES;
				SDKROOT = macosx;
				SWIFT_ACTIVE_COMPILATION_CONDITIONS = DEBUG;
				SWIFT_OPTIMIZATION_LEVEL = "-Onone";
			};
			name = Debug;
		};
		83E586B01E2D35B20058879B /* Release */ = {
			isa = XCBuildConfiguration;
			buildSettings = {
				ALWAYS_SEARCH_USER_PATHS = NO;
				CLANG_ANALYZER_NONNULL = YES;
				CLANG_CXX_LANGUAGE_STANDARD = "gnu++0x";
				CLANG_CXX_LIBRARY = "libc++";
				CLANG_ENABLE_MODULES = YES;
				CLANG_ENABLE_OBJC_ARC = YES;
				CLANG_WARN_BOOL_CONVERSION = YES;
				CLANG_WARN_CONSTANT_CONVERSION = YES;
				CLANG_WARN_DIRECT_OBJC_ISA_USAGE = YES_ERROR;
				CLANG_WARN_DOCUMENTATION_COMMENTS = YES;
				CLANG_WARN_EMPTY_BODY = YES;
				CLANG_WARN_ENUM_CONVERSION = YES;
				CLANG_WARN_INFINITE_RECURSION = YES;
				CLANG_WARN_INT_CONVERSION = YES;
				CLANG_WARN_OBJC_ROOT_CLASS = YES_ERROR;
				CLANG_WARN_SUSPICIOUS_MOVE = YES;
				CLANG_WARN_UNREACHABLE_CODE = YES;
				CLANG_WARN__DUPLICATE_METHOD_MATCH = YES;
				CODE_SIGN_IDENTITY = "-";
				COPY_PHASE_STRIP = NO;
				DEBUG_INFORMATION_FORMAT = "dwarf-with-dsym";
				ENABLE_NS_ASSERTIONS = NO;
				ENABLE_STRICT_OBJC_MSGSEND = YES;
				GCC_C_LANGUAGE_STANDARD = gnu99;
				GCC_NO_COMMON_BLOCKS = YES;
				GCC_WARN_64_TO_32_BIT_CONVERSION = YES;
				GCC_WARN_ABOUT_RETURN_TYPE = YES_ERROR;
				GCC_WARN_UNDECLARED_SELECTOR = YES;
				GCC_WARN_UNINITIALIZED_AUTOS = YES_AGGRESSIVE;
				GCC_WARN_UNUSED_FUNCTION = YES;
				GCC_WARN_UNUSED_VARIABLE = YES;
				MACOSX_DEPLOYMENT_TARGET = 10.12;
				MTL_ENABLE_DEBUG_INFO = NO;
				SDKROOT = macosx;
				SWIFT_OPTIMIZATION_LEVEL = "-Owholemodule";
			};
			name = Release;
		};
		83E586B21E2D35B20058879B /* Debug */ = {
			isa = XCBuildConfiguration;
			buildSettings = {
				ASSETCATALOG_COMPILER_APPICON_NAME = AppIcon;
				CLANG_ENABLE_MODULES = YES;
				COMBINE_HIDPI_IMAGES = YES;
				INFOPLIST_FILE = "CSVParser Test App/Info.plist";
				LD_RUNPATH_SEARCH_PATHS = "$(inherited) @executable_path/../Frameworks";
				PRODUCT_BUNDLE_IDENTIFIER = "at.eggerapps.CSVParser-Test-App";
				PRODUCT_NAME = "$(TARGET_NAME)";
				SWIFT_OBJC_BRIDGING_HEADER = "CSVParser Test App/CSVParser/CSVParser Test App-Bridging-Header.h";
				SWIFT_VERSION = 3.0;
			};
			name = Debug;
		};
		83E586B31E2D35B20058879B /* Release */ = {
			isa = XCBuildConfiguration;
			buildSettings = {
				ASSETCATALOG_COMPILER_APPICON_NAME = AppIcon;
				CLANG_ENABLE_MODULES = YES;
				COMBINE_HIDPI_IMAGES = YES;
				INFOPLIST_FILE = "CSVParser Test App/Info.plist";
				LD_RUNPATH_SEARCH_PATHS = "$(inherited) @executable_path/../Frameworks";
				PRODUCT_BUNDLE_IDENTIFIER = "at.eggerapps.CSVParser-Test-App";
				PRODUCT_NAME = "$(TARGET_NAME)";
				SWIFT_OBJC_BRIDGING_HEADER = "CSVParser Test App/CSVParser/CSVParser Test App-Bridging-Header.h";
				SWIFT_VERSION = 3.0;
			};
			name = Release;
		};
		83E586B51E2D35B20058879B /* Debug */ = {
			isa = XCBuildConfiguration;
			buildSettings = {
				ALWAYS_EMBED_SWIFT_STANDARD_LIBRARIES = YES;
				BUNDLE_LOADER = "$(TEST_HOST)";
				COMBINE_HIDPI_IMAGES = YES;
				INFOPLIST_FILE = "CSVParser Test AppTests/Info.plist";
				LD_RUNPATH_SEARCH_PATHS = "$(inherited) @executable_path/../Frameworks @loader_path/../Frameworks";
				PRODUCT_BUNDLE_IDENTIFIER = "com.chrispysoft.CSVParser-Test-AppTests";
				PRODUCT_NAME = "$(TARGET_NAME)";
				SWIFT_VERSION = 3.0;
				TEST_HOST = "$(BUILT_PRODUCTS_DIR)/CSVParser Test App.app/Contents/MacOS/CSVParser Test App";
			};
			name = Debug;
		};
		83E586B61E2D35B20058879B /* Release */ = {
			isa = XCBuildConfiguration;
			buildSettings = {
				ALWAYS_EMBED_SWIFT_STANDARD_LIBRARIES = YES;
				BUNDLE_LOADER = "$(TEST_HOST)";
				COMBINE_HIDPI_IMAGES = YES;
				INFOPLIST_FILE = "CSVParser Test AppTests/Info.plist";
				LD_RUNPATH_SEARCH_PATHS = "$(inherited) @executable_path/../Frameworks @loader_path/../Frameworks";
				PRODUCT_BUNDLE_IDENTIFIER = "com.chrispysoft.CSVParser-Test-AppTests";
				PRODUCT_NAME = "$(TARGET_NAME)";
				SWIFT_VERSION = 3.0;
				TEST_HOST = "$(BUILT_PRODUCTS_DIR)/CSVParser Test App.app/Contents/MacOS/CSVParser Test App";
			};
			name = Release;
		};
/* End XCBuildConfiguration section */

/* Begin XCConfigurationList section */
		83E586921E2D35B20058879B /* Build configuration list for PBXProject "CSVParser Test App" */ = {
			isa = XCConfigurationList;
			buildConfigurations = (
				83E586AF1E2D35B20058879B /* Debug */,
				83E586B01E2D35B20058879B /* Release */,
			);
			defaultConfigurationIsVisible = 0;
			defaultConfigurationName = Release;
		};
		83E586B11E2D35B20058879B /* Build configuration list for PBXNativeTarget "CSVParser Test App" */ = {
			isa = XCConfigurationList;
			buildConfigurations = (
				83E586B21E2D35B20058879B /* Debug */,
				83E586B31E2D35B20058879B /* Release */,
			);
			defaultConfigurationIsVisible = 0;
			defaultConfigurationName = Release;
		};
		83E586B41E2D35B20058879B /* Build configuration list for PBXNativeTarget "CSVParser Test AppTests" */ = {
			isa = XCConfigurationList;
			buildConfigurations = (
				83E586B51E2D35B20058879B /* Debug */,
				83E586B61E2D35B20058879B /* Release */,
			);
			defaultConfigurationIsVisible = 0;
			defaultConfigurationName = Release;
		};
/* End XCConfigurationList section */
	};
	rootObject = 83E5868F1E2D35B20058879B /* Project object */;
}
